
Microsoft Visual Studio Solution File, Format Version 12.00
# Visual Studio Version 17
VisualStudioVersion = 17.9.34622.214
MinimumVisualStudioVersion = 10.0.40219.1
Project("{9A19103F-16F7-4668-BE54-9A1E7A4F7556}") = "GritzmanMotorsBlazor", "GritzmanMotorsBlazor\GritzmanMotorsBlazor.csproj", "{62018F12-1BEC-481B-9517-F26D8F5F72B3}"
EndProject
Global
	GlobalSection(SolutionConfigurationPlatforms) = preSolution
		Debug|Any CPU = Debug|Any CPU
		Release|Any CPU = Release|Any CPU
	EndGlobalSection
	GlobalSection(ProjectConfigurationPlatforms) = postSolution
		{62018F12-1BEC-481B-9517-F26D8F5F72B3}.Debug|Any CPU.ActiveCfg = Debug|Any CPU
		{62018F12-1BEC-481B-9517-F26D8F5F72B3}.Debug|Any CPU.Build.0 = Debug|Any CPU
		{62018F12-1BEC-481B-9517-F26D8F5F72B3}.Release|Any CPU.ActiveCfg = Release|Any CPU
		{62018F12-1BEC-481B-9517-F26D8F5F72B3}.Release|Any CPU.Build.0 = Release|Any CPU
	EndGlobalSection
	GlobalSection(SolutionProperties) = preSolution
		HideSolutionNode = FALSE
	EndGlobalSection
	GlobalSection(ExtensibilityGlobals) = postSolution
		SolutionGuid = {5D7BA0F4-D628-4B60-A392-E5A632FFC2CC}
	EndGlobalSection
EndGlobal
